
Microsoft Visual Studio Solution File, Format Version 12.00
# Visual Studio Version 17
VisualStudioVersion = 17.8.34511.84
MinimumVisualStudioVersion = 10.0.40219.1
Project("{FAE04EC0-301F-11D3-BF4B-00C04F79EFBC}") = "ConsoleAppHW2102ex5", "ConsoleAppHW2102ex5.csproj", "{6E2E93D9-CC5A-4B24-80A2-7C5BDF37DABE}"
EndProject
Global
	GlobalSection(SolutionConfigurationPlatforms) = preSolution
		Debug|Any CPU = Debug|Any CPU
		Release|Any CPU = Release|Any CPU
	EndGlobalSection
	GlobalSection(ProjectConfigurationPlatforms) = postSolution
		{6E2E93D9-CC5A-4B24-80A2-7C5BDF37DABE}.Debug|Any CPU.ActiveCfg = Debug|Any CPU
		{6E2E93D9-CC5A-4B24-80A2-7C5BDF37DABE}.Debug|Any CPU.Build.0 = Debug|Any CPU
		{6E2E93D9-CC5A-4B24-80A2-7C5BDF37DABE}.Release|Any CPU.ActiveCfg = Release|Any CPU
		{6E2E93D9-CC5A-4B24-80A2-7C5BDF37DABE}.Release|Any CPU.Build.0 = Release|Any CPU
	EndGlobalSection
	GlobalSection(SolutionProperties) = preSolution
		HideSolutionNode = FALSE
	EndGlobalSection
	GlobalSection(ExtensibilityGlobals) = postSolution
		SolutionGuid = {E6781BA5-89D7-4BED-B67C-95EFFCAC9DE5}
	EndGlobalSection
EndGlobal
